
Microsoft Visual Studio Solution File, Format Version 12.00
# Visual Studio Version 16
VisualStudioVersion = 16.0.30104.148
MinimumVisualStudioVersion = 10.0.40219.1
Project("{FAE04EC0-301F-11D3-BF4B-00C04F79EFBC}") = "CurrencyCalculator", "CurrencyCalculator\CurrencyCalculator.csproj", "{0D4D30D0-0BEB-43B8-ABE7-88A50D09B04F}"
EndProject
Project("{FAE04EC0-301F-11D3-BF4B-00C04F79EFBC}") = "ConsoleApplication", "ConsoleApplication\ConsoleApplication.csproj", "{342D4858-BCC6-4561-A43A-B8BC9076BF40}"
EndProject
Global
	GlobalSection(SolutionConfigurationPlatforms) = preSolution
		Debug|Any CPU = Debug|Any CPU
		Release|Any CPU = Release|Any CPU
	EndGlobalSection
	GlobalSection(ProjectConfigurationPlatforms) = postSolution
		{0D4D30D0-0BEB-43B8-ABE7-88A50D09B04F}.Debug|Any CPU.ActiveCfg = Debug|Any CPU
		{0D4D30D0-0BEB-43B8-ABE7-88A50D09B04F}.Debug|Any CPU.Build.0 = Debug|Any CPU
		{0D4D30D0-0BEB-43B8-ABE7-88A50D09B04F}.Release|Any CPU.ActiveCfg = Release|Any CPU
		{0D4D30D0-0BEB-43B8-ABE7-88A50D09B04F}.Release|Any CPU.Build.0 = Release|Any CPU
		{342D4858-BCC6-4561-A43A-B8BC9076BF40}.Debug|Any CPU.ActiveCfg = Debug|Any CPU
		{342D4858-BCC6-4561-A43A-B8BC9076BF40}.Debug|Any CPU.Build.0 = Debug|Any CPU
		{342D4858-BCC6-4561-A43A-B8BC9076BF40}.Release|Any CPU.ActiveCfg = Release|Any CPU
		{342D4858-BCC6-4561-A43A-B8BC9076BF40}.Release|Any CPU.Build.0 = Release|Any CPU
	EndGlobalSection
	GlobalSection(SolutionProperties) = preSolution
		HideSolutionNode = FALSE
	EndGlobalSection
	GlobalSection(ExtensibilityGlobals) = postSolution
		SolutionGuid = {C9975AC5-7D1E-48CD-BCED-247EEA89B101}
	EndGlobalSection
EndGlobal
